
Microsoft Visual Studio Solution File, Format Version 12.00
# Visual Studio Version 16
VisualStudioVersion = 16.0.29102.190
MinimumVisualStudioVersion = 10.0.40219.1
Project("{FAE04EC0-301F-11D3-BF4B-00C04F79EFBC}") = "Email", "Email\Email.csproj", "{56012DEA-65EF-475B-A403-BBABA36319A4}"
EndProject
Project("{FAE04EC0-301F-11D3-BF4B-00C04F79EFBC}") = "Email_Tests", "Email_Tests\Email_Tests.csproj", "{C72C31B4-021D-4A11-B128-DCEA668ED45E}"
EndProject
Global
	GlobalSection(SolutionConfigurationPlatforms) = preSolution
		Debug|Any CPU = Debug|Any CPU
		Release|Any CPU = Release|Any CPU
	EndGlobalSection
	GlobalSection(ProjectConfigurationPlatforms) = postSolution
		{56012DEA-65EF-475B-A403-BBABA36319A4}.Debug|Any CPU.ActiveCfg = Debug|Any CPU
		{56012DEA-65EF-475B-A403-BBABA36319A4}.Debug|Any CPU.Build.0 = Debug|Any CPU
		{56012DEA-65EF-475B-A403-BBABA36319A4}.Release|Any CPU.ActiveCfg = Release|Any CPU
		{56012DEA-65EF-475B-A403-BBABA36319A4}.Release|Any CPU.Build.0 = Release|Any CPU
		{C72C31B4-021D-4A11-B128-DCEA668ED45E}.Debug|Any CPU.ActiveCfg = Debug|Any CPU
		{C72C31B4-021D-4A11-B128-DCEA668ED45E}.Debug|Any CPU.Build.0 = Debug|Any CPU
		{C72C31B4-021D-4A11-B128-DCEA668ED45E}.Release|Any CPU.ActiveCfg = Release|Any CPU
		{C72C31B4-021D-4A11-B128-DCEA668ED45E}.Release|Any CPU.Build.0 = Release|Any CPU
	EndGlobalSection
	GlobalSection(SolutionProperties) = preSolution
		HideSolutionNode = FALSE
	EndGlobalSection
	GlobalSection(ExtensibilityGlobals) = postSolution
		SolutionGuid = {BB5445FD-FDD9-4BC2-9F38-7D0995CD0BCB}
	EndGlobalSection
EndGlobal
